
Microsoft Visual Studio Solution File, Format Version 12.00
# Visual Studio Version 17
VisualStudioVersion = 17.9.34728.123
MinimumVisualStudioVersion = 10.0.40219.1
Project("{FAE04EC0-301F-11D3-BF4B-00C04F79EFBC}") = "Task", "Task\Task.csproj", "{1AEF735B-E506-469C-B77D-6CAA97892DFA}"
EndProject
Global
	GlobalSection(SolutionConfigurationPlatforms) = preSolution
		Debug|Any CPU = Debug|Any CPU
		Release|Any CPU = Release|Any CPU
	EndGlobalSection
	GlobalSection(ProjectConfigurationPlatforms) = postSolution
		{1AEF735B-E506-469C-B77D-6CAA97892DFA}.Debug|Any CPU.ActiveCfg = Debug|Any CPU
		{1AEF735B-E506-469C-B77D-6CAA97892DFA}.Debug|Any CPU.Build.0 = Debug|Any CPU
		{1AEF735B-E506-469C-B77D-6CAA97892DFA}.Release|Any CPU.ActiveCfg = Release|Any CPU
		{1AEF735B-E506-469C-B77D-6CAA97892DFA}.Release|Any CPU.Build.0 = Release|Any CPU
	EndGlobalSection
	GlobalSection(SolutionProperties) = preSolution
		HideSolutionNode = FALSE
	EndGlobalSection
	GlobalSection(ExtensibilityGlobals) = postSolution
		SolutionGuid = {A6625444-8586-4E9C-BBE3-C6A093A3CD27}
	EndGlobalSection
EndGlobal
